Microsoft Visual Studio Solution File, Format Version 12.00
# Visual Studio 2012
Project("{FAE04EC0-301F-11D3-BF4B-00C04F79EFBC}") = "CircleJumpCSharp", "CircleJumpCSharp.csproj", "{B7185CB7-E461-41B2-A3DD-35A2B55CAD31}"
EndProject
Global
	GlobalSection(SolutionConfigurationPlatforms) = preSolution
		Debug|Any CPU = Debug|Any CPU
		ExportDebug|Any CPU = ExportDebug|Any CPU
		ExportRelease|Any CPU = ExportRelease|Any CPU
	EndGlobalSection
	GlobalSection(ProjectConfigurationPlatforms) = postSolution
		{B7185CB7-E461-41B2-A3DD-35A2B55CAD31}.Debug|Any CPU.ActiveCfg = Debug|Any CPU
		{B7185CB7-E461-41B2-A3DD-35A2B55CAD31}.Debug|Any CPU.Build.0 = Debug|Any CPU
		{B7185CB7-E461-41B2-A3DD-35A2B55CAD31}.ExportDebug|Any CPU.ActiveCfg = ExportDebug|Any CPU
		{B7185CB7-E461-41B2-A3DD-35A2B55CAD31}.ExportDebug|Any CPU.Build.0 = ExportDebug|Any CPU
		{B7185CB7-E461-41B2-A3DD-35A2B55CAD31}.ExportRelease|Any CPU.ActiveCfg = ExportRelease|Any CPU
		{B7185CB7-E461-41B2-A3DD-35A2B55CAD31}.ExportRelease|Any CPU.Build.0 = ExportRelease|Any CPU
	EndGlobalSection
	GlobalSection(MonoDevelopProperties) = preSolution
		Policies = $0
		$0.StandardHeader = $1
		$0.VersionControlPolicy = $2
	EndGlobalSection
EndGlobal
